// !$*UTF8*$!
{
	archiveVersion = 1;
	classes = {
	};
	objectVersion = 56;
	objects = {

/* Begin PBXBuildFile section */
		843B19FF2CC84B7D00A5804D /* TimerViewController.swift in Sources */ = {isa = PBXBuildFile; fileRef = 843B19FE2CC84B7D00A5804D /* TimerViewController.swift */; };
		8450760C2CC1AA410059FFDD /* AppDelegate.swift in Sources */ = {isa = PBXBuildFile; fileRef = 8450760B2CC1AA410059FFDD /* AppDelegate.swift */; };
		8450760E2CC1AA410059FFDD /* SceneDelegate.swift in Sources */ = {isa = PBXBuildFile; fileRef = 8450760D2CC1AA410059FFDD /* SceneDelegate.swift */; };
		845076102CC1AA410059FFDD /* SplashViewController.swift in Sources */ = {isa = PBXBuildFile; fileRef = 8450760F2CC1AA410059FFDD /* SplashViewController.swift */; };
		845076162CC1AA410059FFDD /* Inhale15.xcdatamodeld in Sources */ = {isa = PBXBuildFile; fileRef = 845076142CC1AA410059FFDD /* Inhale15.xcdatamodeld */; };
		845076182CC1AA450059FFDD /* Assets.xcassets in Resources */ = {isa = PBXBuildFile; fileRef = 845076172CC1AA450059FFDD /* Assets.xcassets */; };
		8450761B2CC1AA450059FFDD /* LaunchScreen.storyboard in Resources */ = {isa = PBXBuildFile; fileRef = 845076192CC1AA450059FFDD /* LaunchScreen.storyboard */; };
		845076262CC1AA460059FFDD /* Inhale15Tests.swift in Sources */ = {isa = PBXBuildFile; fileRef = 845076252CC1AA460059FFDD /* Inhale15Tests.swift */; };
		845076302CC1AA460059FFDD /* Inhale15UITests.swift in Sources */ = {isa = PBXBuildFile; fileRef = 8450762F2CC1AA460059FFDD /* Inhale15UITests.swift */; };
		845076322CC1AA460059FFDD /* Inhale15UITestsLaunchTests.swift in Sources */ = {isa = PBXBuildFile; fileRef = 845076312CC1AA460059FFDD /* Inhale15UITestsLaunchTests.swift */; };
		845076402CC1AD000059FFDD /* SnapKit in Frameworks */ = {isa = PBXBuildFile; productRef = 8450763F2CC1AD000059FFDD /* SnapKit */; };
		848B55E22CC974C600FA4E3F /* TimerViewModel.swift in Sources */ = {isa = PBXBuildFile; fileRef = 848B55E12CC974C600FA4E3F /* TimerViewModel.swift */; };
		8495EF582CC70425001B7F7F /* InstructionViewController.swift in Sources */ = {isa = PBXBuildFile; fileRef = 8495EF572CC70425001B7F7F /* InstructionViewController.swift */; };
		8495EF5A2CC70541001B7F7F /* SplashViewModel.swift in Sources */ = {isa = PBXBuildFile; fileRef = 8495EF592CC70541001B7F7F /* SplashViewModel.swift */; };
		8495EF5C2CC7084C001B7F7F /* Animation - 1727784149695.json in Resources */ = {isa = PBXBuildFile; fileRef = 8495EF5B2CC7084C001B7F7F /* Animation - 1727784149695.json */; };
		8495EF5F2CC708F4001B7F7F /* Lottie in Frameworks */ = {isa = PBXBuildFile; productRef = 8495EF5E2CC708F4001B7F7F /* Lottie */; };
		8495EF612CC70D41001B7F7F /* background.jpg in Resources */ = {isa = PBXBuildFile; fileRef = 8495EF602CC70D41001B7F7F /* background.jpg */; };
/* End PBXBuildFile section */

/* Begin PBXContainerItemProxy section */
		845076222CC1AA460059FFDD /* PBXContainerItemProxy */ = {
			isa = PBXContainerItemProxy;
			containerPortal = 845076002CC1AA410059FFDD /* Project object */;
			proxyType = 1;
			remoteGlobalIDString = 845076072CC1AA410059FFDD;
			remoteInfo = Inhale15;
		};
		8450762C2CC1AA460059FFDD /* PBXContainerItemProxy */ = {
			isa = PBXContainerItemProxy;
			containerPortal = 845076002CC1AA410059FFDD /* Project object */;
			proxyType = 1;
			remoteGlobalIDString = 845076072CC1AA410059FFDD;
			remoteInfo = Inhale15;
		};
/* End PBXContainerItemProxy section */

/* Begin PBXFileReference section */
		843B19FE2CC84B7D00A5804D /* TimerViewController.swift */ = {isa = PBXFileReference; lastKnownFileType = sourcecode.swift; path = TimerViewController.swift; sourceTree = "<group>"; };
		845076082CC1AA410059FFDD /* Inhale15.app */ = {isa = PBXFileReference; explicitFileType = wrapper.application; includeInIndex = 0; path = Inhale15.app; sourceTree = BUILT_PRODUCTS_DIR; };
		8450760B2CC1AA410059FFDD /* AppDelegate.swift */ = {isa = PBXFileReference; lastKnownFileType = sourcecode.swift; path = AppDelegate.swift; sourceTree = "<group>"; };
		8450760D2CC1AA410059FFDD /* SceneDelegate.swift */ = {isa = PBXFileReference; lastKnownFileType = sourcecode.swift; path = SceneDelegate.swift; sourceTree = "<group>"; };
		8450760F2CC1AA410059FFDD /* SplashViewController.swift */ = {isa = PBXFileReference; lastKnownFileType = sourcecode.swift; path = SplashViewController.swift; sourceTree = "<group>"; };
		845076152CC1AA410059FFDD /* Inhale15.xcdatamodel */ = {isa = PBXFileReference; lastKnownFileType = wrapper.xcdatamodel; path = Inhale15.xcdatamodel; sourceTree = "<group>"; };
		845076172CC1AA450059FFDD /* Assets.xcassets */ = {isa = PBXFileReference; lastKnownFileType = folder.assetcatalog; path = Assets.xcassets; sourceTree = "<group>"; };
		8450761A2CC1AA450059FFDD /* Base */ = {isa = PBXFileReference; lastKnownFileType = file.storyboard; name = Base; path = Base.lproj/LaunchScreen.storyboard; sourceTree = "<group>"; };
		8450761C2CC1AA450059FFDD /* Info.plist */ = {isa = PBXFileReference; lastKnownFileType = text.plist.xml; path = Info.plist; sourceTree = "<group>"; };
		845076212CC1AA460059FFDD /* Inhale15Tests.xctest */ = {isa = PBXFileReference; explicitFileType = wrapper.cfbundle; includeInIndex = 0; path = Inhale15Tests.xctest; sourceTree = BUILT_PRODUCTS_DIR; };
		845076252CC1AA460059FFDD /* Inhale15Tests.swift */ = {isa = PBXFileReference; lastKnownFileType = sourcecode.swift; path = Inhale15Tests.swift; sourceTree = "<group>"; };
		8450762B2CC1AA460059FFDD /* Inhale15UITests.xctest */ = {isa = PBXFileReference; explicitFileType = wrapper.cfbundle; includeInIndex = 0; path = Inhale15UITests.xctest; sourceTree = BUILT_PRODUCTS_DIR; };
		8450762F2CC1AA460059FFDD /* Inhale15UITests.swift */ = {isa = PBXFileReference; lastKnownFileType = sourcecode.swift; path = Inhale15UITests.swift; sourceTree = "<group>"; };
		845076312CC1AA460059FFDD /* Inhale15UITestsLaunchTests.swift */ = {isa = PBXFileReference; lastKnownFileType = sourcecode.swift; path = Inhale15UITestsLaunchTests.swift; sourceTree = "<group>"; };
		848B55E12CC974C600FA4E3F /* TimerViewModel.swift */ = {isa = PBXFileReference; lastKnownFileType = sourcecode.swift; path = TimerViewModel.swift; sourceTree = "<group>"; };
		8495EF572CC70425001B7F7F /* InstructionViewController.swift */ = {isa = PBXFileReference; lastKnownFileType = sourcecode.swift; path = InstructionViewController.swift; sourceTree = "<group>"; };
		8495EF592CC70541001B7F7F /* SplashViewModel.swift */ = {isa = PBXFileReference; lastKnownFileType = sourcecode.swift; path = SplashViewModel.swift; sourceTree = "<group>"; };
		8495EF5B2CC7084C001B7F7F /* Animation - 1727784149695.json */ = {isa = PBXFileReference; fileEncoding = 4; lastKnownFileType = text.json; path = "Animation - 1727784149695.json"; sourceTree = "<group>"; };
		8495EF602CC70D41001B7F7F /* background.jpg */ = {isa = PBXFileReference; lastKnownFileType = image.jpeg; path = background.jpg; sourceTree = "<group>"; };
/* End PBXFileReference section */

/* Begin PBXFrameworksBuildPhase section */
		845076052CC1AA410059FFDD /* Frameworks */ = {
			isa = PBXFrameworksBuildPhase;
			buildActionMask = 2147483647;
			files = (
				845076402CC1AD000059FFDD /* SnapKit in Frameworks */,
				8495EF5F2CC708F4001B7F7F /* Lottie in Frameworks */,
			);
			runOnlyForDeploymentPostprocessing = 0;
		};
		8450761E2CC1AA460059FFDD /* Frameworks */ = {
			isa = PBXFrameworksBuildPhase;
			buildActionMask = 2147483647;
			files = (
			);
			runOnlyForDeploymentPostprocessing = 0;
		};
		845076282CC1AA460059FFDD /* Frameworks */ = {
			isa = PBXFrameworksBuildPhase;
			buildActionMask = 2147483647;
			files = (
			);
			runOnlyForDeploymentPostprocessing = 0;
		};
/* End PBXFrameworksBuildPhase section */

/* Begin PBXGroup section */
		845075FF2CC1AA410059FFDD = {
			isa = PBXGroup;
			children = (
				8450760A2CC1AA410059FFDD /* Inhale15 */,
				845076242CC1AA460059FFDD /* Inhale15Tests */,
				8450762E2CC1AA460059FFDD /* Inhale15UITests */,
				845076092CC1AA410059FFDD /* Products */,
			);
			sourceTree = "<group>";
		};
		845076092CC1AA410059FFDD /* Products */ = {
			isa = PBXGroup;
			children = (
				845076082CC1AA410059FFDD /* Inhale15.app */,
				845076212CC1AA460059FFDD /* Inhale15Tests.xctest */,
				8450762B2CC1AA460059FFDD /* Inhale15UITests.xctest */,
			);
			name = Products;
			sourceTree = "<group>";
		};
		8450760A2CC1AA410059FFDD /* Inhale15 */ = {
			isa = PBXGroup;
			children = (
				8495EF562CC703C9001B7F7F /* Helpers */,
				8495EF552CC703BC001B7F7F /* Resources */,
				8495EF542CC703B0001B7F7F /* Services */,
				8495EF532CC703A6001B7F7F /* ViewModels */,
				8495EF522CC7039A001B7F7F /* Models */,
				8495EF512CC7038F001B7F7F /* Views */,
				8450760B2CC1AA410059FFDD /* AppDelegate.swift */,
				8450760D2CC1AA410059FFDD /* SceneDelegate.swift */,
				845076172CC1AA450059FFDD /* Assets.xcassets */,
				845076192CC1AA450059FFDD /* LaunchScreen.storyboard */,
				8450761C2CC1AA450059FFDD /* Info.plist */,
				845076142CC1AA410059FFDD /* Inhale15.xcdatamodeld */,
			);
			path = Inhale15;
			sourceTree = "<group>";
		};
		845076242CC1AA460059FFDD /* Inhale15Tests */ = {
			isa = PBXGroup;
			children = (
				845076252CC1AA460059FFDD /* Inhale15Tests.swift */,
			);
			path = Inhale15Tests;
			sourceTree = "<group>";
		};
		8450762E2CC1AA460059FFDD /* Inhale15UITests */ = {
			isa = PBXGroup;
			children = (
				8450762F2CC1AA460059FFDD /* Inhale15UITests.swift */,
				845076312CC1AA460059FFDD /* Inhale15UITestsLaunchTests.swift */,
			);
			path = Inhale15UITests;
			sourceTree = "<group>";
		};
		8495EF512CC7038F001B7F7F /* Views */ = {
			isa = PBXGroup;
			children = (
				8450760F2CC1AA410059FFDD /* SplashViewController.swift */,
				8495EF572CC70425001B7F7F /* InstructionViewController.swift */,
				843B19FE2CC84B7D00A5804D /* TimerViewController.swift */,
			);
			path = Views;
			sourceTree = "<group>";
		};
		8495EF522CC7039A001B7F7F /* Models */ = {
			isa = PBXGroup;
			children = (
			);
			path = Models;
			sourceTree = "<group>";
		};
		8495EF532CC703A6001B7F7F /* ViewModels */ = {
			isa = PBXGroup;
			children = (
				8495EF592CC70541001B7F7F /* SplashViewModel.swift */,
				848B55E12CC974C600FA4E3F /* TimerViewModel.swift */,
			);
			path = ViewModels;
			sourceTree = "<group>";
		};
		8495EF542CC703B0001B7F7F /* Services */ = {
			isa = PBXGroup;
			children = (
			);
			path = Services;
			sourceTree = "<group>";
		};
		8495EF552CC703BC001B7F7F /* Resources */ = {
			isa = PBXGroup;
			children = (
				8495EF5B2CC7084C001B7F7F /* Animation - 1727784149695.json */,
				8495EF602CC70D41001B7F7F /* background.jpg */,
			);
			path = Resources;
			sourceTree = "<group>";
		};
		8495EF562CC703C9001B7F7F /* Helpers */ = {
			isa = PBXGroup;
			children = (
			);
			path = Helpers;
			sourceTree = "<group>";
		};
/* End PBXGroup section */

/* Begin PBXNativeTarget section */
		845076072CC1AA410059FFDD /* Inhale15 */ = {
			isa = PBXNativeTarget;
			buildConfigurationList = 845076352CC1AA460059FFDD /* Build configuration list for PBXNativeTarget "Inhale15" */;
			buildPhases = (
				845076042CC1AA410059FFDD /* Sources */,
				845076052CC1AA410059FFDD /* Frameworks */,
				845076062CC1AA410059FFDD /* Resources */,
			);
			buildRules = (
			);
			dependencies = (
			);
			name = Inhale15;
			packageProductDependencies = (
				8450763F2CC1AD000059FFDD /* SnapKit */,
				8495EF5E2CC708F4001B7F7F /* Lottie */,
			);
			productName = Inhale15;
			productReference = 845076082CC1AA410059FFDD /* Inhale15.app */;
			productType = "com.apple.product-type.application";
		};
		845076202CC1AA460059FFDD /* Inhale15Tests */ = {
			isa = PBXNativeTarget;
			buildConfigurationList = 845076382CC1AA460059FFDD /* Build configuration list for PBXNativeTarget "Inhale15Tests" */;
			buildPhases = (
				8450761D2CC1AA460059FFDD /* Sources */,
				8450761E2CC1AA460059FFDD /* Frameworks */,
				8450761F2CC1AA460059FFDD /* Resources */,
			);
			buildRules = (
			);
			dependencies = (
				845076232CC1AA460059FFDD /* PBXTargetDependency */,
			);
			name = Inhale15Tests;
			productName = Inhale15Tests;
			productReference = 845076212CC1AA460059FFDD /* Inhale15Tests.xctest */;
			productType = "com.apple.product-type.bundle.unit-test";
		};
		8450762A2CC1AA460059FFDD /* Inhale15UITests */ = {
			isa = PBXNativeTarget;
			buildConfigurationList = 8450763B2CC1AA460059FFDD /* Build configuration list for PBXNativeTarget "Inhale15UITests" */;
			buildPhases = (
				845076272CC1AA460059FFDD /* Sources */,
				845076282CC1AA460059FFDD /* Frameworks */,
				845076292CC1AA460059FFDD /* Resources */,
			);
			buildRules = (
			);
			dependencies = (
				8450762D2CC1AA460059FFDD /* PBXTargetDependency */,
			);
			name = Inhale15UITests;
			productName = Inhale15UITests;
			productReference = 8450762B2CC1AA460059FFDD /* Inhale15UITests.xctest */;
			productType = "com.apple.product-type.bundle.ui-testing";
		};
/* End PBXNativeTarget section */

/* Begin PBXProject section */
		845076002CC1AA410059FFDD /* Project object */ = {
			isa = PBXProject;
			attributes = {
				BuildIndependentTargetsInParallel = 1;
				LastSwiftUpdateCheck = 1420;
				LastUpgradeCheck = 1420;
				TargetAttributes = {
					845076072CC1AA410059FFDD = {
						CreatedOnToolsVersion = 14.2;
					};
					845076202CC1AA460059FFDD = {
						CreatedOnToolsVersion = 14.2;
						TestTargetID = 845076072CC1AA410059FFDD;
					};
					8450762A2CC1AA460059FFDD = {
						CreatedOnToolsVersion = 14.2;
						TestTargetID = 845076072CC1AA410059FFDD;
					};
				};
			};
			buildConfigurationList = 845076032CC1AA410059FFDD /* Build configuration list for PBXProject "Inhale15" */;
			compatibilityVersion = "Xcode 14.0";
			developmentRegion = en;
			hasScannedForEncodings = 0;
			knownRegions = (
				en,
				Base,
			);
			mainGroup = 845075FF2CC1AA410059FFDD;
			packageReferences = (
				8450763E2CC1ACFF0059FFDD /* XCRemoteSwiftPackageReference "SnapKit" */,
				8495EF5D2CC708F3001B7F7F /* XCRemoteSwiftPackageReference "lottie-ios" */,
			);
			productRefGroup = 845076092CC1AA410059FFDD /* Products */;
			projectDirPath = "";
			projectRoot = "";
			targets = (
				845076072CC1AA410059FFDD /* Inhale15 */,
				845076202CC1AA460059FFDD /* Inhale15Tests */,
				8450762A2CC1AA460059FFDD /* Inhale15UITests */,
			);
		};
/* End PBXProject section */

/* Begin PBXResourcesBuildPhase section */
		845076062CC1AA410059FFDD /* Resources */ = {
			isa = PBXResourcesBuildPhase;
			buildActionMask = 2147483647;
			files = (
				8450761B2CC1AA450059FFDD /* LaunchScreen.storyboard in Resources */,
				8495EF612CC70D41001B7F7F /* background.jpg in Resources */,
				845076182CC1AA450059FFDD /* Assets.xcassets in Resources */,
				8495EF5C2CC7084C001B7F7F /* Animation - 1727784149695.json in Resources */,
			);
			runOnlyForDeploymentPostprocessing = 0;
		};
		8450761F2CC1AA460059FFDD /* Resources */ = {
			isa = PBXResourcesBuildPhase;
			buildActionMask = 2147483647;
			files = (
			);
			runOnlyForDeploymentPostprocessing = 0;
		};
		845076292CC1AA460059FFDD /* Resources */ = {
			isa = PBXResourcesBuildPhase;
			buildActionMask = 2147483647;
			files = (
			);
			runOnlyForDeploymentPostprocessing = 0;
		};
/* End PBXResourcesBuildPhase section */

/* Begin PBXSourcesBuildPhase section */
		845076042CC1AA410059FFDD /* Sources */ = {
			isa = PBXSourcesBuildPhase;
			buildActionMask = 2147483647;
			files = (
				8495EF582CC70425001B7F7F /* InstructionViewController.swift in Sources */,
				845076162CC1AA410059FFDD /* Inhale15.xcdatamodeld in Sources */,
				845076102CC1AA410059FFDD /* SplashViewController.swift in Sources */,
				843B19FF2CC84B7D00A5804D /* TimerViewController.swift in Sources */,
				848B55E22CC974C600FA4E3F /* TimerViewModel.swift in Sources */,
				8495EF5A2CC70541001B7F7F /* SplashViewModel.swift in Sources */,
				8450760C2CC1AA410059FFDD /* AppDelegate.swift in Sources */,
				8450760E2CC1AA410059FFDD /* SceneDelegate.swift in Sources */,
			);
			runOnlyForDeploymentPostprocessing = 0;
		};
		8450761D2CC1AA460059FFDD /* Sources */ = {
			isa = PBXSourcesBuildPhase;
			buildActionMask = 2147483647;
			files = (
				845076262CC1AA460059FFDD /* Inhale15Tests.swift in Sources */,
			);
			runOnlyForDeploymentPostprocessing = 0;
		};
		845076272CC1AA460059FFDD /* Sources */ = {
			isa = PBXSourcesBuildPhase;
			buildActionMask = 2147483647;
			files = (
				845076322CC1AA460059FFDD /* Inhale15UITestsLaunchTests.swift in Sources */,
				845076302CC1AA460059FFDD /* Inhale15UITests.swift in Sources */,
			);
			runOnlyForDeploymentPostprocessing = 0;
		};
/* End PBXSourcesBuildPhase section */

/* Begin PBXTargetDependency section */
		845076232CC1AA460059FFDD /* PBXTargetDependency */ = {
			isa = PBXTargetDependency;
			target = 845076072CC1AA410059FFDD /* Inhale15 */;
			targetProxy = 845076222CC1AA460059FFDD /* PBXContainerItemProxy */;
		};
		8450762D2CC1AA460059FFDD /* PBXTargetDependency */ = {
			isa = PBXTargetDependency;
			target = 845076072CC1AA410059FFDD /* Inhale15 */;
			targetProxy = 8450762C2CC1AA460059FFDD /* PBXContainerItemProxy */;
		};
/* End PBXTargetDependency section */

/* Begin PBXVariantGroup section */
		845076192CC1AA450059FFDD /* LaunchScreen.storyboard */ = {
			isa = PBXVariantGroup;
			children = (
				8450761A2CC1AA450059FFDD /* Base */,
			);
			name = LaunchScreen.storyboard;
			sourceTree = "<group>";
		};
/* End PBXVariantGroup section */

/* Begin XCBuildConfiguration section */
		845076332CC1AA460059FFDD /* Debug */ = {
			isa = XCBuildConfiguration;
			buildSettings = {
				ALWAYS_SEARCH_USER_PATHS = NO;
				CLANG_ANALYZER_NONNULL = YES;
				CLANG_ANALYZER_NUMBER_OBJECT_CONVERSION = YES_AGGRESSIVE;
				CLANG_CXX_LANGUAGE_STANDARD = "gnu++20";
				CLANG_ENABLE_MODULES = YES;
				CLANG_ENABLE_OBJC_ARC = YES;
				CLANG_ENABLE_OBJC_WEAK = YES;
				CLANG_WARN_BLOCK_CAPTURE_AUTORELEASING = YES;
				CLANG_WARN_BOOL_CONVERSION = YES;
				CLANG_WARN_COMMA = YES;
				CLANG_WARN_CONSTANT_CONVERSION = YES;
				CLANG_WARN_DEPRECATED_OBJC_IMPLEMENTATIONS = YES;
				CLANG_WARN_DIRECT_OBJC_ISA_USAGE = YES_ERROR;
				CLANG_WARN_DOCUMENTATION_COMMENTS = YES;
				CLANG_WARN_EMPTY_BODY = YES;
				CLANG_WARN_ENUM_CONVERSION = YES;
				CLANG_WARN_INFINITE_RECURSION = YES;
				CLANG_WARN_INT_CONVERSION = YES;
				CLANG_WARN_NON_LITERAL_NULL_CONVERSION = YES;
				CLANG_WARN_OBJC_IMPLICIT_RETAIN_SELF = YES;
				CLANG_WARN_OBJC_LITERAL_CONVERSION = YES;
				CLANG_WARN_OBJC_ROOT_CLASS = YES_ERROR;
				CLANG_WARN_QUOTED_INCLUDE_IN_FRAMEWORK_HEADER = YES;
				CLANG_WARN_RANGE_LOOP_ANALYSIS = YES;
				CLANG_WARN_STRICT_PROTOTYPES = YES;
				CLANG_WARN_SUSPICIOUS_MOVE = YES;
				CLANG_WARN_UNGUARDED_AVAILABILITY = YES_AGGRESSIVE;
				CLANG_WARN_UNREACHABLE_CODE = YES;
				CLANG_WARN__DUPLICATE_METHOD_MATCH = YES;
				COPY_PHASE_STRIP = NO;
				DEBUG_INFORMATION_FORMAT = dwarf;
				ENABLE_STRICT_OBJC_MSGSEND = YES;
				ENABLE_TESTABILITY = YES;
				GCC_C_LANGUAGE_STANDARD = gnu11;
				GCC_DYNAMIC_NO_PIC = NO;
				GCC_NO_COMMON_BLOCKS = YES;
				GCC_OPTIMIZATION_LEVEL = 0;
				GCC_PREPROCESSOR_DEFINITIONS = (
					"DEBUG=1",
					"$(inherited)",
				);
				GCC_WARN_64_TO_32_BIT_CONVERSION = YES;
				GCC_WARN_ABOUT_RETURN_TYPE = YES_ERROR;
				GCC_WARN_UNDECLARED_SELECTOR = YES;
				GCC_WARN_UNINITIALIZED_AUTOS = YES_AGGRESSIVE;
				GCC_WARN_UNUSED_FUNCTION = YES;
				GCC_WARN_UNUSED_VARIABLE = YES;
				IPHONEOS_DEPLOYMENT_TARGET = 16.2;
				MTL_ENABLE_DEBUG_INFO = INCLUDE_SOURCE;
				MTL_FAST_MATH = YES;
				ONLY_ACTIVE_ARCH = YES;
				SDKROOT = iphoneos;
				SWIFT_ACTIVE_COMPILATION_CONDITIONS = DEBUG;
				SWIFT_OPTIMIZATION_LEVEL = "-Onone";
			};
			name = Debug;
		};
		845076342CC1AA460059FFDD /* Release */ = {
			isa = XCBuildConfiguration;
			buildSettings = {
				ALWAYS_SEARCH_USER_PATHS = NO;
				CLANG_ANALYZER_NONNULL = YES;
				CLANG_ANALYZER_NUMBER_OBJECT_CONVERSION = YES_AGGRESSIVE;
				CLANG_CXX_LANGUAGE_STANDARD = "gnu++20";
				CLANG_ENABLE_MODULES = YES;
				CLANG_ENABLE_OBJC_ARC = YES;
				CLANG_ENABLE_OBJC_WEAK = YES;
				CLANG_WARN_BLOCK_CAPTURE_AUTORELEASING = YES;
				CLANG_WARN_BOOL_CONVERSION = YES;
				CLANG_WARN_COMMA = YES;
				CLANG_WARN_CONSTANT_CONVERSION = YES;
				CLANG_WARN_DEPRECATED_OBJC_IMPLEMENTATIONS = YES;
				CLANG_WARN_DIRECT_OBJC_ISA_USAGE = YES_ERROR;
				CLANG_WARN_DOCUMENTATION_COMMENTS = YES;
				CLANG_WARN_EMPTY_BODY = YES;
				CLANG_WARN_ENUM_CONVERSION = YES;
				CLANG_WARN_INFINITE_RECURSION = YES;
				CLANG_WARN_INT_CONVERSION = YES;
				CLANG_WARN_NON_LITERAL_NULL_CONVERSION = YES;
				CLANG_WARN_OBJC_IMPLICIT_RETAIN_SELF = YES;
				CLANG_WARN_OBJC_LITERAL_CONVERSION = YES;
				CLANG_WARN_OBJC_ROOT_CLASS = YES_ERROR;
				CLANG_WARN_QUOTED_INCLUDE_IN_FRAMEWORK_HEADER = YES;
				CLANG_WARN_RANGE_LOOP_ANALYSIS = YES;
				CLANG_WARN_STRICT_PROTOTYPES = YES;
				CLANG_WARN_SUSPICIOUS_MOVE = YES;
				CLANG_WARN_UNGUARDED_AVAILABILITY = YES_AGGRESSIVE;
				CLANG_WARN_UNREACHABLE_CODE = YES;
				CLANG_WARN__DUPLICATE_METHOD_MATCH = YES;
				COPY_PHASE_STRIP = NO;
				DEBUG_INFORMATION_FORMAT = "dwarf-with-dsym";
				ENABLE_NS_ASSERTIONS = NO;
				ENABLE_STRICT_OBJC_MSGSEND = YES;
				GCC_C_LANGUAGE_STANDARD = gnu11;
				GCC_NO_COMMON_BLOCKS = YES;
				GCC_WARN_64_TO_32_BIT_CONVERSION = YES;
				GCC_WARN_ABOUT_RETURN_TYPE = YES_ERROR;
				GCC_WARN_UNDECLARED_SELECTOR = YES;
				GCC_WARN_UNINITIALIZED_AUTOS = YES_AGGRESSIVE;
				GCC_WARN_UNUSED_FUNCTION = YES;
				GCC_WARN_UNUSED_VARIABLE = YES;
				IPHONEOS_DEPLOYMENT_TARGET = 16.2;
				MTL_ENABLE_DEBUG_INFO = NO;
				MTL_FAST_MATH = YES;
				SDKROOT = iphoneos;
				SWIFT_COMPILATION_MODE = wholemodule;
				SWIFT_OPTIMIZATION_LEVEL = "-O";
				VALIDATE_PRODUCT = YES;
			};
			name = Release;
		};
		845076362CC1AA460059FFDD /* Debug */ = {
			isa = XCBuildConfiguration;
			buildSettings = {
				ASSETCATALOG_COMPILER_APPICON_NAME = AppIcon;
				ASSETCATALOG_COMPILER_GLOBAL_ACCENT_COLOR_NAME = AccentColor;
				CODE_SIGN_STYLE = Automatic;
				CURRENT_PROJECT_VERSION = 1;
				DEVELOPMENT_TEAM = JFAZT5D23U;
				GENERATE_INFOPLIST_FILE = YES;
				INFOPLIST_FILE = Inhale15/Info.plist;
				INFOPLIST_KEY_UIApplicationSupportsIndirectInputEvents = YES;
				INFOPLIST_KEY_UILaunchStoryboardName = LaunchScreen;
				INFOPLIST_KEY_UISupportedInterfaceOrientations_iPad = "UIInterfaceOrientationPortrait UIInterfaceOrientationPortraitUpsideDown UIInterfaceOrientationLandscapeLeft UIInterfaceOrientationLandscapeRight";
				INFOPLIST_KEY_UISupportedInterfaceOrientations_iPhone = "UIInterfaceOrientationPortrait UIInterfaceOrientationLandscapeLeft UIInterfaceOrientationLandscapeRight";
				LD_RUNPATH_SEARCH_PATHS = (
					"$(inherited)",
					"@executable_path/Frameworks",
				);
				MARKETING_VERSION = 1.0;
				PRODUCT_BUNDLE_IDENTIFIER = ValeryLoiko.Inhale15;
				PRODUCT_NAME = "$(TARGET_NAME)";
				SWIFT_EMIT_LOC_STRINGS = YES;
				SWIFT_VERSION = 5.0;
				TARGETED_DEVICE_FAMILY = "1,2";
			};
			name = Debug;
		};
		845076372CC1AA460059FFDD /* Release */ = {
			isa = XCBuildConfiguration;
			buildSettings = {
				ASSETCATALOG_COMPILER_APPICON_NAME = AppIcon;
				ASSETCATALOG_COMPILER_GLOBAL_ACCENT_COLOR_NAME = AccentColor;
				CODE_SIGN_STYLE = Automatic;
				CURRENT_PROJECT_VERSION = 1;
				DEVELOPMENT_TEAM = JFAZT5D23U;
				GENERATE_INFOPLIST_FILE = YES;
				INFOPLIST_FILE = Inhale15/Info.plist;
				INFOPLIST_KEY_UIApplicationSupportsIndirectInputEvents = YES;
				INFOPLIST_KEY_UILaunchStoryboardName = LaunchScreen;
				INFOPLIST_KEY_UISupportedInterfaceOrientations_iPad = "UIInterfaceOrientationPortrait UIInterfaceOrientationPortraitUpsideDown UIInterfaceOrientationLandscapeLeft UIInterfaceOrientationLandscapeRight";
				INFOPLIST_KEY_UISupportedInterfaceOrientations_iPhone = "UIInterfaceOrientationPortrait UIInterfaceOrientationLandscapeLeft UIInterfaceOrientationLandscapeRight";
				LD_RUNPATH_SEARCH_PATHS = (
					"$(inherited)",
					"@executable_path/Frameworks",
				);
				MARKETING_VERSION = 1.0;
				PRODUCT_BUNDLE_IDENTIFIER = ValeryLoiko.Inhale15;
				PRODUCT_NAME = "$(TARGET_NAME)";
				SWIFT_EMIT_LOC_STRINGS = YES;
				SWIFT_VERSION = 5.0;
				TARGETED_DEVICE_FAMILY = "1,2";
			};
			name = Release;
		};
		845076392CC1AA460059FFDD /* Debug */ = {
			isa = XCBuildConfiguration;
			buildSettings = {
				ALWAYS_EMBED_SWIFT_STANDARD_LIBRARIES = YES;
				BUNDLE_LOADER = "$(TEST_HOST)";
				CODE_SIGN_STYLE = Automatic;
				CURRENT_PROJECT_VERSION = 1;
				DEVELOPMENT_TEAM = JFAZT5D23U;
				GENERATE_INFOPLIST_FILE = YES;
				IPHONEOS_DEPLOYMENT_TARGET = 16.2;
				MARKETING_VERSION = 1.0;
				PRODUCT_BUNDLE_IDENTIFIER = ValeryLoiko.Inhale15Tests;
				PRODUCT_NAME = "$(TARGET_NAME)";
				SWIFT_EMIT_LOC_STRINGS = NO;
				SWIFT_VERSION = 5.0;
				TARGETED_DEVICE_FAMILY = "1,2";
				TEST_HOST = "$(BUILT_PRODUCTS_DIR)/Inhale15.app/$(BUNDLE_EXECUTABLE_FOLDER_PATH)/Inhale15";
			};
			name = Debug;
		};
		8450763A2CC1AA460059FFDD /* Release */ = {
			isa = XCBuildConfiguration;
			buildSettings = {
				ALWAYS_EMBED_SWIFT_STANDARD_LIBRARIES = YES;
				BUNDLE_LOADER = "$(TEST_HOST)";
				CODE_SIGN_STYLE = Automatic;
				CURRENT_PROJECT_VERSION = 1;
				DEVELOPMENT_TEAM = JFAZT5D23U;
				GENERATE_INFOPLIST_FILE = YES;
				IPHONEOS_DEPLOYMENT_TARGET = 16.2;
				MARKETING_VERSION = 1.0;
				PRODUCT_BUNDLE_IDENTIFIER = ValeryLoiko.Inhale15Tests;
				PRODUCT_NAME = "$(TARGET_NAME)";
				SWIFT_EMIT_LOC_STRINGS = NO;
				SWIFT_VERSION = 5.0;
				TARGETED_DEVICE_FAMILY = "1,2";
				TEST_HOST = "$(BUILT_PRODUCTS_DIR)/Inhale15.app/$(BUNDLE_EXECUTABLE_FOLDER_PATH)/Inhale15";
			};
			name = Release;
		};
		8450763C2CC1AA460059FFDD /* Debug */ = {
			isa = XCBuildConfiguration;
			buildSettings = {
				ALWAYS_EMBED_SWIFT_STANDARD_LIBRARIES = YES;
				CODE_SIGN_STYLE = Automatic;
				CURRENT_PROJECT_VERSION = 1;
				DEVELOPMENT_TEAM = JFAZT5D23U;
				GENERATE_INFOPLIST_FILE = YES;
				MARKETING_VERSION = 1.0;
				PRODUCT_BUNDLE_IDENTIFIER = ValeryLoiko.Inhale15UITests;
				PRODUCT_NAME = "$(TARGET_NAME)";
				SWIFT_EMIT_LOC_STRINGS = NO;
				SWIFT_VERSION = 5.0;
				TARGETED_DEVICE_FAMILY = "1,2";
				TEST_TARGET_NAME = Inhale15;
			};
			name = Debug;
		};
		8450763D2CC1AA460059FFDD /* Release */ = {
			isa = XCBuildConfiguration;
			buildSettings = {
				ALWAYS_EMBED_SWIFT_STANDARD_LIBRARIES = YES;
				CODE_SIGN_STYLE = Automatic;
				CURRENT_PROJECT_VERSION = 1;
				DEVELOPMENT_TEAM = JFAZT5D23U;
				GENERATE_INFOPLIST_FILE = YES;
				MARKETING_VERSION = 1.0;
				PRODUCT_BUNDLE_IDENTIFIER = ValeryLoiko.Inhale15UITests;
				PRODUCT_NAME = "$(TARGET_NAME)";
				SWIFT_EMIT_LOC_STRINGS = NO;
				SWIFT_VERSION = 5.0;
				TARGETED_DEVICE_FAMILY = "1,2";
				TEST_TARGET_NAME = Inhale15;
			};
			name = Release;
		};
/* End XCBuildConfiguration section */

/* Begin XCConfigurationList section */
		845076032CC1AA410059FFDD /* Build configuration list for PBXProject "Inhale15" */ = {
			isa = XCConfigurationList;
			buildConfigurations = (
				845076332CC1AA460059FFDD /* Debug */,
				845076342CC1AA460059FFDD /* Release */,
			);
			defaultConfigurationIsVisible = 0;
			defaultConfigurationName = Release;
		};
		845076352CC1AA460059FFDD /* Build configuration list for PBXNativeTarget "Inhale15" */ = {
			isa = XCConfigurationList;
			buildConfigurations = (
				845076362CC1AA460059FFDD /* Debug */,
				845076372CC1AA460059FFDD /* Release */,
			);
			defaultConfigurationIsVisible = 0;
			defaultConfigurationName = Release;
		};
		845076382CC1AA460059FFDD /* Build configuration list for PBXNativeTarget "Inhale15Tests" */ = {
			isa = XCConfigurationList;
			buildConfigurations = (
				845076392CC1AA460059FFDD /* Debug */,
				8450763A2CC1AA460059FFDD /* Release */,
			);
			defaultConfigurationIsVisible = 0;
			defaultConfigurationName = Release;
		};
		8450763B2CC1AA460059FFDD /* Build configuration list for PBXNativeTarget "Inhale15UITests" */ = {
			isa = XCConfigurationList;
			buildConfigurations = (
				8450763C2CC1AA460059FFDD /* Debug */,
				8450763D2CC1AA460059FFDD /* Release */,
			);
			defaultConfigurationIsVisible = 0;
			defaultConfigurationName = Release;
		};
/* End XCConfigurationList section */

/* Begin XCRemoteSwiftPackageReference section */
		8450763E2CC1ACFF0059FFDD /* XCRemoteSwiftPackageReference "SnapKit" */ = {
			isa = XCRemoteSwiftPackageReference;
			repositoryURL = "https://github.com/SnapKit/SnapKit";
			requirement = {
				kind = upToNextMajorVersion;
				minimumVersion = 5.0.0;
			};
		};
		8495EF5D2CC708F3001B7F7F /* XCRemoteSwiftPackageReference "lottie-ios" */ = {
			isa = XCRemoteSwiftPackageReference;
			repositoryURL = "https://github.com/airbnb/lottie-ios";
			requirement = {
				kind = upToNextMajorVersion;
				minimumVersion = 4.0.0;
			};
		};
/* End XCRemoteSwiftPackageReference section */

/* Begin XCSwiftPackageProductDependency section */
		8450763F2CC1AD000059FFDD /* SnapKit */ = {
			isa = XCSwiftPackageProductDependency;
			package = 8450763E2CC1ACFF0059FFDD /* XCRemoteSwiftPackageReference "SnapKit" */;
			productName = SnapKit;
		};
		8495EF5E2CC708F4001B7F7F /* Lottie */ = {
			isa = XCSwiftPackageProductDependency;
			package = 8495EF5D2CC708F3001B7F7F /* XCRemoteSwiftPackageReference "lottie-ios" */;
			productName = Lottie;
		};
/* End XCSwiftPackageProductDependency section */

/* Begin XCVersionGroup section */
		845076142CC1AA410059FFDD /* Inhale15.xcdatamodeld */ = {
			isa = XCVersionGroup;
			children = (
				845076152CC1AA410059FFDD /* Inhale15.xcdatamodel */,
			);
			currentVersion = 845076152CC1AA410059FFDD /* Inhale15.xcdatamodel */;
			path = Inhale15.xcdatamodeld;
			sourceTree = "<group>";
			versionGroupType = wrapper.xcdatamodel;
		};
/* End XCVersionGroup section */
	};
	rootObject = 845076002CC1AA410059FFDD /* Project object */;
}
